Microsoft Visual Studio Solution File, Format Version 12.00
# Visual Studio 14
Project("{8BC9CEB8-8B4A-11D0-8D11-00A0C91BC942}") = "ALL_BUILD", "ALL_BUILD.vcxproj", "{0DB30FAF-165D-301D-8449-9A9C6560BE86}"
	ProjectSection(ProjectDependencies) = postProject
		{159F64C1-C594-3019-917E-58932BA694C6} = {159F64C1-C594-3019-917E-58932BA694C6}
		{13A3D78B-7EDD-326A-B32F-85B90FF241CA} = {13A3D78B-7EDD-326A-B32F-85B90FF241CA}
		{221ADBF5-57E7-367A-AAB6-034D9E889F05} = {221ADBF5-57E7-367A-AAB6-034D9E889F05}
		{7649D8AC-ECB8-3036-9BEA-49B9B4276AFF} = {7649D8AC-ECB8-3036-9BEA-49B9B4276AFF}
	EndProjectSection
EndProject
Project("{8BC9CEB8-8B4A-11D0-8D11-00A0C91BC942}") = "INSTALL", "INSTALL.vcxproj", "{483C36CD-A868-3C7F-A55E-79D59DFB222A}"
	ProjectSection(ProjectDependencies) = postProject
		{0DB30FAF-165D-301D-8449-9A9C6560BE86} = {0DB30FAF-165D-301D-8449-9A9C6560BE86}
		{159F64C1-C594-3019-917E-58932BA694C6} = {159F64C1-C594-3019-917E-58932BA694C6}
	EndProjectSection
EndProject
Project("{8BC9CEB8-8B4A-11D0-8D11-00A0C91BC942}") = "RUN_TESTS", "RUN_TESTS.vcxproj", "{BDD91DA2-990D-3D6D-B1C3-0A36552FD705}"
	ProjectSection(ProjectDependencies) = postProject
		{159F64C1-C594-3019-917E-58932BA694C6} = {159F64C1-C594-3019-917E-58932BA694C6}
	EndProjectSection
EndProject
Project("{8BC9CEB8-8B4A-11D0-8D11-00A0C91BC942}") = "ZERO_CHECK", "ZERO_CHECK.vcxproj", "{159F64C1-C594-3019-917E-58932BA694C6}"
	ProjectSection(ProjectDependencies) = postProject
	EndProjectSection
EndProject
Project("{8BC9CEB8-8B4A-11D0-8D11-00A0C91BC942}") = "jsoncpp_check", "src\jsontestrunner\jsoncpp_check.vcxproj", "{85269FBB-905A-37F9-9748-DE7546B54814}"
	ProjectSection(ProjectDependencies) = postProject
		{159F64C1-C594-3019-917E-58932BA694C6} = {159F64C1-C594-3019-917E-58932BA694C6}
		{AE01BBC9-0EF3-35E6-A7E9-CC55D42B845A} = {AE01BBC9-0EF3-35E6-A7E9-CC55D42B845A}
	EndProjectSection
EndProject
Project("{8BC9CEB8-8B4A-11D0-8D11-00A0C91BC942}") = "jsoncpp_lib_static", "src\lib_json\jsoncpp_lib_static.vcxproj", "{13A3D78B-7EDD-326A-B32F-85B90FF241CA}"
	ProjectSection(ProjectDependencies) = postProject
		{159F64C1-C594-3019-917E-58932BA694C6} = {159F64C1-C594-3019-917E-58932BA694C6}
	EndProjectSection
EndProject
Project("{8BC9CEB8-8B4A-11D0-8D11-00A0C91BC942}") = "jsoncpp_readerwriter_tests", "src\jsontestrunner\jsoncpp_readerwriter_tests.vcxproj", "{AE01BBC9-0EF3-35E6-A7E9-CC55D42B845A}"
	ProjectSection(ProjectDependencies) = postProject
		{159F64C1-C594-3019-917E-58932BA694C6} = {159F64C1-C594-3019-917E-58932BA694C6}
		{221ADBF5-57E7-367A-AAB6-034D9E889F05} = {221ADBF5-57E7-367A-AAB6-034D9E889F05}
		{7649D8AC-ECB8-3036-9BEA-49B9B4276AFF} = {7649D8AC-ECB8-3036-9BEA-49B9B4276AFF}
	EndProjectSection
EndProject
Project("{8BC9CEB8-8B4A-11D0-8D11-00A0C91BC942}") = "jsoncpp_test", "src\test_lib_json\jsoncpp_test.vcxproj", "{221ADBF5-57E7-367A-AAB6-034D9E889F05}"
	ProjectSection(ProjectDependencies) = postProject
		{159F64C1-C594-3019-917E-58932BA694C6} = {159F64C1-C594-3019-917E-58932BA694C6}
		{13A3D78B-7EDD-326A-B32F-85B90FF241CA} = {13A3D78B-7EDD-326A-B32F-85B90FF241CA}
	EndProjectSection
EndProject
Project("{8BC9CEB8-8B4A-11D0-8D11-00A0C91BC942}") = "jsontestrunner_exe", "src\jsontestrunner\jsontestrunner_exe.vcxproj", "{7649D8AC-ECB8-3036-9BEA-49B9B4276AFF}"
	ProjectSection(ProjectDependencies) = postProject
		{159F64C1-C594-3019-917E-58932BA694C6} = {159F64C1-C594-3019-917E-58932BA694C6}
		{13A3D78B-7EDD-326A-B32F-85B90FF241CA} = {13A3D78B-7EDD-326A-B32F-85B90FF241CA}
	EndProjectSection
EndProject
Global
	GlobalSection(SolutionConfigurationPlatforms) = preSolution
		Debug|x64 = Debug|x64
		Release|x64 = Release|x64
		MinSizeRel|x64 = MinSizeRel|x64
		RelWithDebInfo|x64 = RelWithDebInfo|x64
	EndGlobalSection
	GlobalSection(ProjectConfigurationPlatforms) = postSolution
		{0DB30FAF-165D-301D-8449-9A9C6560BE86}.Debug|x64.ActiveCfg = Debug|x64
		{0DB30FAF-165D-301D-8449-9A9C6560BE86}.Debug|x64.Build.0 = Debug|x64
		{0DB30FAF-165D-301D-8449-9A9C6560BE86}.Release|x64.ActiveCfg = Release|x64
		{0DB30FAF-165D-301D-8449-9A9C6560BE86}.Release|x64.Build.0 = Release|x64
		{0DB30FAF-165D-301D-8449-9A9C6560BE86}.MinSizeRel|x64.ActiveCfg = MinSizeRel|x64
		{0DB30FAF-165D-301D-8449-9A9C6560BE86}.MinSizeRel|x64.Build.0 = MinSizeRel|x64
		{0DB30FAF-165D-301D-8449-9A9C6560BE86}.RelWithDebInfo|x64.ActiveCfg = RelWithDebInfo|x64
		{0DB30FAF-165D-301D-8449-9A9C6560BE86}.RelWithDebInfo|x64.Build.0 = RelWithDebInfo|x64
		{483C36CD-A868-3C7F-A55E-79D59DFB222A}.Debug|x64.ActiveCfg = Debug|x64
		{483C36CD-A868-3C7F-A55E-79D59DFB222A}.Release|x64.ActiveCfg = Release|x64
		{483C36CD-A868-3C7F-A55E-79D59DFB222A}.MinSizeRel|x64.ActiveCfg = MinSizeRel|x64
		{483C36CD-A868-3C7F-A55E-79D59DFB222A}.RelWithDebInfo|x64.ActiveCfg = RelWithDebInfo|x64
		{BDD91DA2-990D-3D6D-B1C3-0A36552FD705}.Debug|x64.ActiveCfg = Debug|x64
		{BDD91DA2-990D-3D6D-B1C3-0A36552FD705}.Release|x64.ActiveCfg = Release|x64
		{BDD91DA2-990D-3D6D-B1C3-0A36552FD705}.MinSizeRel|x64.ActiveCfg = MinSizeRel|x64
		{BDD91DA2-990D-3D6D-B1C3-0A36552FD705}.RelWithDebInfo|x64.ActiveCfg = RelWithDebInfo|x64
		{159F64C1-C594-3019-917E-58932BA694C6}.Debug|x64.ActiveCfg = Debug|x64
		{159F64C1-C594-3019-917E-58932BA694C6}.Debug|x64.Build.0 = Debug|x64
		{159F64C1-C594-3019-917E-58932BA694C6}.Release|x64.ActiveCfg = Release|x64
		{159F64C1-C594-3019-917E-58932BA694C6}.Release|x64.Build.0 = Release|x64
		{159F64C1-C594-3019-917E-58932BA694C6}.MinSizeRel|x64.ActiveCfg = MinSizeRel|x64
		{159F64C1-C594-3019-917E-58932BA694C6}.MinSizeRel|x64.Build.0 = MinSizeRel|x64
		{159F64C1-C594-3019-917E-58932BA694C6}.RelWithDebInfo|x64.ActiveCfg = RelWithDebInfo|x64
		{159F64C1-C594-3019-917E-58932BA694C6}.RelWithDebInfo|x64.Build.0 = RelWithDebInfo|x64
		{85269FBB-905A-37F9-9748-DE7546B54814}.Debug|x64.ActiveCfg = Debug|x64
		{85269FBB-905A-37F9-9748-DE7546B54814}.Release|x64.ActiveCfg = Release|x64
		{85269FBB-905A-37F9-9748-DE7546B54814}.MinSizeRel|x64.ActiveCfg = MinSizeRel|x64
		{85269FBB-905A-37F9-9748-DE7546B54814}.RelWithDebInfo|x64.ActiveCfg = RelWithDebInfo|x64
		{13A3D78B-7EDD-326A-B32F-85B90FF241CA}.Debug|x64.ActiveCfg = Debug|x64
		{13A3D78B-7EDD-326A-B32F-85B90FF241CA}.Debug|x64.Build.0 = Debug|x64
		{13A3D78B-7EDD-326A-B32F-85B90FF241CA}.Release|x64.ActiveCfg = Release|x64
		{13A3D78B-7EDD-326A-B32F-85B90FF241CA}.Release|x64.Build.0 = Release|x64
		{13A3D78B-7EDD-326A-B32F-85B90FF241CA}.MinSizeRel|x64.ActiveCfg = MinSizeRel|x64
		{13A3D78B-7EDD-326A-B32F-85B90FF241CA}.MinSizeRel|x64.Build.0 = MinSizeRel|x64
		{13A3D78B-7EDD-326A-B32F-85B90FF241CA}.RelWithDebInfo|x64.ActiveCfg = RelWithDebInfo|x64
		{13A3D78B-7EDD-326A-B32F-85B90FF241CA}.RelWithDebInfo|x64.Build.0 = RelWithDebInfo|x64
		{AE01BBC9-0EF3-35E6-A7E9-CC55D42B845A}.Debug|x64.ActiveCfg = Debug|x64
		{AE01BBC9-0EF3-35E6-A7E9-CC55D42B845A}.Debug|x64.Build.0 = Debug|x64
		{AE01BBC9-0EF3-35E6-A7E9-CC55D42B845A}.Release|x64.ActiveCfg = Release|x64
		{AE01BBC9-0EF3-35E6-A7E9-CC55D42B845A}.Release|x64.Build.0 = Release|x64
		{AE01BBC9-0EF3-35E6-A7E9-CC55D42B845A}.MinSizeRel|x64.ActiveCfg = MinSizeRel|x64
		{AE01BBC9-0EF3-35E6-A7E9-CC55D42B845A}.MinSizeRel|x64.Build.0 = MinSizeRel|x64
		{AE01BBC9-0EF3-35E6-A7E9-CC55D42B845A}.RelWithDebInfo|x64.ActiveCfg = RelWithDebInfo|x64
		{AE01BBC9-0EF3-35E6-A7E9-CC55D42B845A}.RelWithDebInfo|x64.Build.0 = RelWithDebInfo|x64
		{221ADBF5-57E7-367A-AAB6-034D9E889F05}.Debug|x64.ActiveCfg = Debug|x64
		{221ADBF5-57E7-367A-AAB6-034D9E889F05}.Debug|x64.Build.0 = Debug|x64
		{221ADBF5-57E7-367A-AAB6-034D9E889F05}.Release|x64.ActiveCfg = Release|x64
		{221ADBF5-57E7-367A-AAB6-034D9E889F05}.Release|x64.Build.0 = Release|x64
		{221ADBF5-57E7-367A-AAB6-034D9E889F05}.MinSizeRel|x64.ActiveCfg = MinSizeRel|x64
		{221ADBF5-57E7-367A-AAB6-034D9E889F05}.MinSizeRel|x64.Build.0 = MinSizeRel|x64
		{221ADBF5-57E7-367A-AAB6-034D9E889F05}.RelWithDebInfo|x64.ActiveCfg = RelWithDebInfo|x64
		{221ADBF5-57E7-367A-AAB6-034D9E889F05}.RelWithDebInfo|x64.Build.0 = RelWithDebInfo|x64
		{7649D8AC-ECB8-3036-9BEA-49B9B4276AFF}.Debug|x64.ActiveCfg = Debug|x64
		{7649D8AC-ECB8-3036-9BEA-49B9B4276AFF}.Debug|x64.Build.0 = Debug|x64
		{7649D8AC-ECB8-3036-9BEA-49B9B4276AFF}.Release|x64.ActiveCfg = Release|x64
		{7649D8AC-ECB8-3036-9BEA-49B9B4276AFF}.Release|x64.Build.0 = Release|x64
		{7649D8AC-ECB8-3036-9BEA-49B9B4276AFF}.MinSizeRel|x64.ActiveCfg = MinSizeRel|x64
		{7649D8AC-ECB8-3036-9BEA-49B9B4276AFF}.MinSizeRel|x64.Build.0 = MinSizeRel|x64
		{7649D8AC-ECB8-3036-9BEA-49B9B4276AFF}.RelWithDebInfo|x64.ActiveCfg = RelWithDebInfo|x64
		{7649D8AC-ECB8-3036-9BEA-49B9B4276AFF}.RelWithDebInfo|x64.Build.0 = RelWithDebInfo|x64
	EndGlobalSection
	GlobalSection(ExtensibilityGlobals) = postSolution
	EndGlobalSection
	GlobalSection(ExtensibilityAddIns) = postSolution
	EndGlobalSection
EndGlobal
