Microsoft Visual Studio Solution File, Format Version 12.00
# Visual Studio 14
Project("{8BC9CEB8-8B4A-11D0-8D11-00A0C91BC942}") = "ALL_BUILD", "ALL_BUILD.vcxproj", "{BCB17A65-AE50-369A-93CA-915DBC64ACB0}"
	ProjectSection(ProjectDependencies) = postProject
		{638D68A1-6A3A-3548-B28B-02423014984D} = {638D68A1-6A3A-3548-B28B-02423014984D}
	EndProjectSection
EndProject
Project("{8BC9CEB8-8B4A-11D0-8D11-00A0C91BC942}") = "ZERO_CHECK", "ZERO_CHECK.vcxproj", "{638D68A1-6A3A-3548-B28B-02423014984D}"
	ProjectSection(ProjectDependencies) = postProject
	EndProjectSection
EndProject
Global
	GlobalSection(SolutionConfigurationPlatforms) = preSolution
		Debug|x64 = Debug|x64
		Release|x64 = Release|x64
		MinSizeRel|x64 = MinSizeRel|x64
		RelWithDebInfo|x64 = RelWithDebInfo|x64
	EndGlobalSection
	GlobalSection(ProjectConfigurationPlatforms) = postSolution
		{BCB17A65-AE50-369A-93CA-915DBC64ACB0}.Debug|x64.ActiveCfg = Debug|x64
		{BCB17A65-AE50-369A-93CA-915DBC64ACB0}.Release|x64.ActiveCfg = Release|x64
		{BCB17A65-AE50-369A-93CA-915DBC64ACB0}.MinSizeRel|x64.ActiveCfg = MinSizeRel|x64
		{BCB17A65-AE50-369A-93CA-915DBC64ACB0}.RelWithDebInfo|x64.ActiveCfg = RelWithDebInfo|x64
		{638D68A1-6A3A-3548-B28B-02423014984D}.Debug|x64.ActiveCfg = Debug|x64
		{638D68A1-6A3A-3548-B28B-02423014984D}.Debug|x64.Build.0 = Debug|x64
		{638D68A1-6A3A-3548-B28B-02423014984D}.Release|x64.ActiveCfg = Release|x64
		{638D68A1-6A3A-3548-B28B-02423014984D}.Release|x64.Build.0 = Release|x64
		{638D68A1-6A3A-3548-B28B-02423014984D}.MinSizeRel|x64.ActiveCfg = MinSizeRel|x64
		{638D68A1-6A3A-3548-B28B-02423014984D}.MinSizeRel|x64.Build.0 = MinSizeRel|x64
		{638D68A1-6A3A-3548-B28B-02423014984D}.RelWithDebInfo|x64.ActiveCfg = RelWithDebInfo|x64
		{638D68A1-6A3A-3548-B28B-02423014984D}.RelWithDebInfo|x64.Build.0 = RelWithDebInfo|x64
	EndGlobalSection
	GlobalSection(ExtensibilityGlobals) = postSolution
	EndGlobalSection
	GlobalSection(ExtensibilityAddIns) = postSolution
	EndGlobalSection
EndGlobal
